
Microsoft Visual Studio Solution File, Format Version 12.00
Project("{FAE04EC0-301F-11D3-BF4B-00C04F79EFBC}") = "Time Class Case Study", "Time Class Case Study\Time Class Case Study.csproj", "{79352D92-A5BC-4A22-8B22-6AD2FED38F1C}"
EndProject
Global
	GlobalSection(SolutionConfigurationPlatforms) = preSolution
		Debug|Any CPU = Debug|Any CPU
		Release|Any CPU = Release|Any CPU
	EndGlobalSection
	GlobalSection(ProjectConfigurationPlatforms) = postSolution
		{79352D92-A5BC-4A22-8B22-6AD2FED38F1C}.Debug|Any CPU.ActiveCfg = Debug|Any CPU
		{79352D92-A5BC-4A22-8B22-6AD2FED38F1C}.Debug|Any CPU.Build.0 = Debug|Any CPU
		{79352D92-A5BC-4A22-8B22-6AD2FED38F1C}.Release|Any CPU.ActiveCfg = Release|Any CPU
		{79352D92-A5BC-4A22-8B22-6AD2FED38F1C}.Release|Any CPU.Build.0 = Release|Any CPU
	EndGlobalSection
EndGlobal
