
Microsoft Visual Studio Solution File, Format Version 12.00
# Visual Studio Version 17
VisualStudioVersion = 17.7.34202.233
MinimumVisualStudioVersion = 10.0.40219.1
Project("{FAE04EC0-301F-11D3-BF4B-00C04F79EFBC}") = "E3_13", "E3_13.csproj", "{45ED4238-DE6F-4C96-BE87-2C57CA7C4650}"
EndProject
Global
	GlobalSection(SolutionConfigurationPlatforms) = preSolution
		Debug|Any CPU = Debug|Any CPU
		Release|Any CPU = Release|Any CPU
	EndGlobalSection
	GlobalSection(ProjectConfigurationPlatforms) = postSolution
		{45ED4238-DE6F-4C96-BE87-2C57CA7C4650}.Debug|Any CPU.ActiveCfg = Debug|Any CPU
		{45ED4238-DE6F-4C96-BE87-2C57CA7C4650}.Debug|Any CPU.Build.0 = Debug|Any CPU
		{45ED4238-DE6F-4C96-BE87-2C57CA7C4650}.Release|Any CPU.ActiveCfg = Release|Any CPU
		{45ED4238-DE6F-4C96-BE87-2C57CA7C4650}.Release|Any CPU.Build.0 = Release|Any CPU
	EndGlobalSection
	GlobalSection(SolutionProperties) = preSolution
		HideSolutionNode = FALSE
	EndGlobalSection
	GlobalSection(ExtensibilityGlobals) = postSolution
		SolutionGuid = {D53BD4B2-50C9-4EC8-92FF-011736424AED}
	EndGlobalSection
EndGlobal
